
Microsoft Visual Studio Solution File, Format Version 12.00
# Visual Studio Version 16
VisualStudioVersion = 16.0.29609.76
MinimumVisualStudioVersion = 10.0.40219.1
Project("{FAE04EC0-301F-11D3-BF4B-00C04F79EFBC}") = "scrcpy-vs", "scrcpy-vs\scrcpy-vs.csproj", "{3B6D9C25-3629-4574-B459-945A05BB8A9C}"
EndProject
Global
	GlobalSection(SolutionConfigurationPlatforms) = preSolution
		Debug|Any CPU = Debug|Any CPU
		Release|Any CPU = Release|Any CPU
	EndGlobalSection
	GlobalSection(ProjectConfigurationPlatforms) = postSolution
		{3B6D9C25-3629-4574-B459-945A05BB8A9C}.Debug|Any CPU.ActiveCfg = Debug|Any CPU
		{3B6D9C25-3629-4574-B459-945A05BB8A9C}.Debug|Any CPU.Build.0 = Debug|Any CPU
		{3B6D9C25-3629-4574-B459-945A05BB8A9C}.Release|Any CPU.ActiveCfg = Release|Any CPU
		{3B6D9C25-3629-4574-B459-945A05BB8A9C}.Release|Any CPU.Build.0 = Release|Any CPU
	EndGlobalSection
	GlobalSection(SolutionProperties) = preSolution
		HideSolutionNode = FALSE
	EndGlobalSection
	GlobalSection(ExtensibilityGlobals) = postSolution
		SolutionGuid = {24D73EE2-7B2B-40D6-B777-A6A6A21C0290}
	EndGlobalSection
EndGlobal
